{
  "requires": true,
  "lockfileVersion": 1,
  "dependencies": {
    "fullcalendar": {
      "version": "5.0.1",
      "resolved": "https://registry.npmjs.org/fullcalendar/-/fullcalendar-5.0.1.tgz",
      "integrity": "sha512-utyeVCpC/ENPRgPfjFKYvQ/HwaGcJ3fZxw6j3vFcF2ApVMsib4gK/udlcOtuuRJfMrCBhFypaX9i5t3BF/8W8Q=="
    }
  }
}
